{
  "version": 4,
  "terraform_version": "1.9.8",
  "serial": 481,
  "lineage": "2ee33b22-e919-514c-3738-c9f07e2472d7",
  "outputs": {
    "private_key": {
      "value": "-----BEGIN RSA PRIVATE KEY-----\nMIIEpAIBAAKCAQEAvb18E8X3xZIoxWXCQfrgvTrP/7hOPUwOXIr6Ws/PeQvN6GV2\nPbmUyDEuSCaRIjD3+WoKh8FK++lOiwa+kRhe/ZHVm+4O1+Zz5Rh/Y1tx5YQL16mX\ntgdqey5jwNUcoiljLPg1aJURp7rZylZ4Ks7rlUDRHBf8ncxDzHKKtTlnCwolrPzb\nWGEaJ2ObxRLUNXYa4Vif9WERyIRfzA+XI0K/GFLuw5vnT1tkkHS4Ub7SITDpzoBB\ninxoOCos7W2JvHDzoj/2tnwIsJ5oWmnHtT05R65W6DLRnJvsSw909fF5t1i3ULli\nEdSGBAmcCt5uwxto1PQ/LwpTh98aOdH6/yariwIDAQABAoIBAQCnOLuEtcIDxyfV\nqTRGcDPnslCkoCucTE6P8xBoPqQsm2GywtEt30QoF2ghwJPCnYO+tl1nfcx3LgzB\n7ITBXchCFGg9T9aXIwzbSPbkezBrRjAlttr1W53VyHGz/l6I8I7ukCaJ8G8p8zyE\n3iZ0G/92gDSLXPyPmfna0sw6oceV6qvNlO2h153mOPf8XnVSZvG1Qtz65gZCpVqE\nWkANCTy5CmQTD0sDYvOJ4pWNTVIDvGAGC2Yqk56WyAYfC8IHmNJLIw6Gt+k4TK1V\nkZlKYkRxgDKxjX6AEJNIItiujrUWXGnepDlGUXCAcBB/LRNpVl7koqrf6RkK7vP3\nVFBcdIdZAoGBANUs7QEIPnYZyUFYDSCFM/6XxxkFflb57xp9CmQ3hOmlNidD7y7Z\nLBJOVIehJLXc/2pkprTDUEGU4OZHH3UfrQW6LzU7hx0/TgAaXcuttkCPYK4Om68t\nml3oNhtY+K/Se3qb1qsX4BHGZotxuKBsPMWyQWtI7etqabI6S9S0DfXHAoGBAOPb\nVw0EvgkGJgdp3DIVG4lXSuBpP5e5GhTIHkCdeMx7aLT7v5MpXtE01T+a0FZMC6XP\n8aI0E8XmDgSMHrsbU+fcdLipRFYYDeUJt5LcrJWE7UDzglRYwGoa94VaVPL8FjZQ\nqgAlNKanPH2RRgaL+jWBOwynukzJMql7l/frj4wdAoGBAM4knp/D6Bruvqa4ziDn\njqsg/MBehpj3Ilf8GONmqNoEEIUR9abZDfw50RZDJyvSpQ+ue2MMCH0SyhUFLA9n\n7To/nE0e3n7S68u/s3o15qsxuy02JSjWsZMj7cauV/Y2VX/wWTukX+Lwd9Nayk4f\nvPj0crybjq97fPCD3Ta4U1ObAoGAJN/kUJkJ4A/8q4p4NiqwUCOuXG7r+bPdAqv4\nKWDSodT+9vse38P8MkMol6iIOs8Hu4fRhPyEjqxSbG34szMS+xz0TsYl5wDxjrVp\n3fyUeYYPl0lRODE8wm8my4/423HsblHTkT50LNw3r+KIwJp6nZoSYlPqlG6jIkZ8\nK4UVsAkCgYARyB9FyHL96nIMI27FFDOw8jKTKlAFW/3e5/WtloREPcnz4cUy7u52\nNupqtKT2cFYRKVIey13DTowPIEWULGAmzkRhi2mGE+65N1UpnMHbMKBNbsp1wkF1\ng+sJPf72Hwxe903esCTtY1nHQBWpwyx+3zWpUYGqCud6tPa2K+Q2JA==\n-----END RSA PRIVATE KEY-----\n",
      "type": "string",
      "sensitive": true
    },
    "public_key": {
      "value": "ssh-rsa AAAAB3NzaC1yc2EAAAADAQABAAABAQC9vXwTxffFkijFZcJB+uC9Os//uE49TA5civpaz895C83oZXY9uZTIMS5IJpEiMPf5agqHwUr76U6LBr6RGF79kdWb7g7X5nPlGH9jW3HlhAvXqZe2B2p7LmPA1RyiKWMs+DVolRGnutnKVngqzuuVQNEcF/ydzEPMcoq1OWcLCiWs/NtYYRonY5vFEtQ1dhrhWJ/1YRHIhF/MD5cjQr8YUu7Dm+dPW2SQdLhRvtIhMOnOgEGKfGg4KiztbYm8cPOiP/a2fAiwnmhaace1PTlHrlboMtGcm+xLD3T18Xm3WLdQuWIR1IYECZwK3m7DG2jU9D8vClOH3xo50fr/JquL\n",
      "type": "string"
    }
  },
  "resources": [
    {
      "mode": "data",
      "type": "tls_public_key",
      "name": "J-Tele-Doctor",
      "provider": "provider[\"registry.terraform.io/hashicorp/tls\"]",
      "instances": [
        {
          "schema_version": 0,
          "attributes": {
            "algorithm": "RSA",
            "id": "968c2bb0bb9a0408e3d037d04afa2fc11426333e",
            "private_key_openssh": null,
            "private_key_pem": "-----BEGIN RSA PRIVATE KEY-----\nMIIEpAIBAAKCAQEAvb18E8X3xZIoxWXCQfrgvTrP/7hOPUwOXIr6Ws/PeQvN6GV2\nPbmUyDEuSCaRIjD3+WoKh8FK++lOiwa+kRhe/ZHVm+4O1+Zz5Rh/Y1tx5YQL16mX\ntgdqey5jwNUcoiljLPg1aJURp7rZylZ4Ks7rlUDRHBf8ncxDzHKKtTlnCwolrPzb\nWGEaJ2ObxRLUNXYa4Vif9WERyIRfzA+XI0K/GFLuw5vnT1tkkHS4Ub7SITDpzoBB\ninxoOCos7W2JvHDzoj/2tnwIsJ5oWmnHtT05R65W6DLRnJvsSw909fF5t1i3ULli\nEdSGBAmcCt5uwxto1PQ/LwpTh98aOdH6/yariwIDAQABAoIBAQCnOLuEtcIDxyfV\nqTRGcDPnslCkoCucTE6P8xBoPqQsm2GywtEt30QoF2ghwJPCnYO+tl1nfcx3LgzB\n7ITBXchCFGg9T9aXIwzbSPbkezBrRjAlttr1W53VyHGz/l6I8I7ukCaJ8G8p8zyE\n3iZ0G/92gDSLXPyPmfna0sw6oceV6qvNlO2h153mOPf8XnVSZvG1Qtz65gZCpVqE\nWkANCTy5CmQTD0sDYvOJ4pWNTVIDvGAGC2Yqk56WyAYfC8IHmNJLIw6Gt+k4TK1V\nkZlKYkRxgDKxjX6AEJNIItiujrUWXGnepDlGUXCAcBB/LRNpVl7koqrf6RkK7vP3\nVFBcdIdZAoGBANUs7QEIPnYZyUFYDSCFM/6XxxkFflb57xp9CmQ3hOmlNidD7y7Z\nLBJOVIehJLXc/2pkprTDUEGU4OZHH3UfrQW6LzU7hx0/TgAaXcuttkCPYK4Om68t\nml3oNhtY+K/Se3qb1qsX4BHGZotxuKBsPMWyQWtI7etqabI6S9S0DfXHAoGBAOPb\nVw0EvgkGJgdp3DIVG4lXSuBpP5e5GhTIHkCdeMx7aLT7v5MpXtE01T+a0FZMC6XP\n8aI0E8XmDgSMHrsbU+fcdLipRFYYDeUJt5LcrJWE7UDzglRYwGoa94VaVPL8FjZQ\nqgAlNKanPH2RRgaL+jWBOwynukzJMql7l/frj4wdAoGBAM4knp/D6Bruvqa4ziDn\njqsg/MBehpj3Ilf8GONmqNoEEIUR9abZDfw50RZDJyvSpQ+ue2MMCH0SyhUFLA9n\n7To/nE0e3n7S68u/s3o15qsxuy02JSjWsZMj7cauV/Y2VX/wWTukX+Lwd9Nayk4f\nvPj0crybjq97fPCD3Ta4U1ObAoGAJN/kUJkJ4A/8q4p4NiqwUCOuXG7r+bPdAqv4\nKWDSodT+9vse38P8MkMol6iIOs8Hu4fRhPyEjqxSbG34szMS+xz0TsYl5wDxjrVp\n3fyUeYYPl0lRODE8wm8my4/423HsblHTkT50LNw3r+KIwJp6nZoSYlPqlG6jIkZ8\nK4UVsAkCgYARyB9FyHL96nIMI27FFDOw8jKTKlAFW/3e5/WtloREPcnz4cUy7u52\nNupqtKT2cFYRKVIey13DTowPIEWULGAmzkRhi2mGE+65N1UpnMHbMKBNbsp1wkF1\ng+sJPf72Hwxe903esCTtY1nHQBWpwyx+3zWpUYGqCud6tPa2K+Q2JA==\n-----END RSA PRIVATE KEY-----\n",
            "public_key_fingerprint_md5": "64:bf:29:39:29:eb:1c:c8:65:ad:8c:60:0d:ca:08:df",
            "public_key_fingerprint_sha256": "SHA256:sNtUAW69qvlcejh/i8sx0b3OLGdNXFTzH1cXLS9zXXc",
            "public_key_openssh": "ssh-rsa AAAAB3NzaC1yc2EAAAADAQABAAABAQC9vXwTxffFkijFZcJB+uC9Os//uE49TA5civpaz895C83oZXY9uZTIMS5IJpEiMPf5agqHwUr76U6LBr6RGF79kdWb7g7X5nPlGH9jW3HlhAvXqZe2B2p7LmPA1RyiKWMs+DVolRGnutnKVngqzuuVQNEcF/ydzEPMcoq1OWcLCiWs/NtYYRonY5vFEtQ1dhrhWJ/1YRHIhF/MD5cjQr8YUu7Dm+dPW2SQdLhRvtIhMOnOgEGKfGg4KiztbYm8cPOiP/a2fAiwnmhaace1PTlHrlboMtGcm+xLD3T18Xm3WLdQuWIR1IYECZwK3m7DG2jU9D8vClOH3xo50fr/JquL\n",
            "public_key_pem": "-----BEGIN PUBLIC KEY-----\nMIIBIjANBgkqhkiG9w0BAQEFAAOCAQ8AMIIBCgKCAQEAvb18E8X3xZIoxWXCQfrg\nvTrP/7hOPUwOXIr6Ws/PeQvN6GV2PbmUyDEuSCaRIjD3+WoKh8FK++lOiwa+kRhe\n/ZHVm+4O1+Zz5Rh/Y1tx5YQL16mXtgdqey5jwNUcoiljLPg1aJURp7rZylZ4Ks7r\nlUDRHBf8ncxDzHKKtTlnCwolrPzbWGEaJ2ObxRLUNXYa4Vif9WERyIRfzA+XI0K/\nGFLuw5vnT1tkkHS4Ub7SITDpzoBBinxoOCos7W2JvHDzoj/2tnwIsJ5oWmnHtT05\nR65W6DLRnJvsSw909fF5t1i3ULliEdSGBAmcCt5uwxto1PQ/LwpTh98aOdH6/yar\niwIDAQAB\n-----END PUBLIC KEY-----\n"
          },
          "sensitive_attributes": [
            [
              {
                "type": "get_attr",
                "value": "private_key_openssh"
              }
            ],
            [
              {
                "type": "get_attr",
                "value": "private_key_pem"
              }
            ]
          ]
        }
      ]
    },
    {
      "mode": "managed",
      "type": "aws_autoscaling_attachment",
      "name": "XGmedTokyo-ASG01_attachment",
      "provider": "provider[\"registry.terraform.io/hashicorp/aws\"]",
      "instances": [
        {
          "schema_version": 0,
          "attributes": {
            "alb_target_group_arn": "arn:aws:elasticloadbalancing:ap-northeast-1:339712969827:targetgroup/XGmedTokyo-TG01/6eae96a8375ed673",
            "autoscaling_group_name": "app1-auto-scaling-group-20241210050932054400000003",
            "elb": null,
            "id": "app1-auto-scaling-group-20241210050932054400000003-20241210051102013700000004"
          },
          "sensitive_attributes": [],
          "private": "bnVsbA==",
          "dependencies": [
            "aws_autoscaling_group.XGmedTokyo-ASG01",
            "aws_launch_template.XGmedTokyo_LT",
            "aws_lb_target_group.XGmedTokyo-TG01",
            "aws_security_group.XGmedTokyo-sg01-servers",
            "aws_subnet.private-ap-northeast-1a",
            "aws_subnet.private-ap-northeast-1c",
            "aws_subnet.private-ap-northeast-1d",
            "aws_vpc.XGmedTokyo_VPC"
          ]
        }
      ]
    },
    {
      "mode": "managed",
      "type": "aws_autoscaling_group",
      "name": "XGmedTokyo-ASG01",
      "provider": "provider[\"registry.terraform.io/hashicorp/aws\"]",
      "instances": [
        {
          "schema_version": 0,
          "attributes": {
            "arn": "arn:aws:autoscaling:ap-northeast-1:339712969827:autoScalingGroup:6364ec0b-e553-40af-92f5-2342ebfd2a1e:autoScalingGroupName/app1-auto-scaling-group-20241210050932054400000003",
            "availability_zones": [
              "ap-northeast-1a",
              "ap-northeast-1c",
              "ap-northeast-1d"
            ],
            "capacity_rebalance": false,
            "default_cooldown": 300,
            "desired_capacity": 6,
            "enabled_metrics": [
              "GroupDesiredCapacity",
              "GroupInServiceInstances",
              "GroupMaxSize",
              "GroupMinSize",
              "GroupTotalInstances"
            ],
            "force_delete": true,
            "force_delete_warm_pool": false,
            "health_check_grace_period": 300,
            "health_check_type": "ELB",
            "id": "app1-auto-scaling-group-20241210050932054400000003",
            "initial_lifecycle_hook": [
              {
                "default_result": "CONTINUE",
                "heartbeat_timeout": 300,
                "lifecycle_transition": "autoscaling:EC2_INSTANCE_TERMINATING",
                "name": "scale-in-protection",
                "notification_metadata": "",
                "notification_target_arn": "",
                "role_arn": ""
              },
              {
                "default_result": "CONTINUE",
                "heartbeat_timeout": 60,
                "lifecycle_transition": "autoscaling:EC2_INSTANCE_LAUNCHING",
                "name": "instance-protection-launch",
                "notification_metadata": "{\"key\":\"value\"}",
                "notification_target_arn": "",
                "role_arn": ""
              }
            ],
            "instance_refresh": [],
            "launch_configuration": "",
            "launch_template": [
              {
                "id": "lt-0b78a5f4eaa9838c8",
                "name": "XGmedTokyo_LT20241210050929483700000001",
                "version": "$Latest"
              }
            ],
            "load_balancers": null,
            "max_instance_lifetime": 0,
            "max_size": 15,
            "metrics_granularity": "1Minute",
            "min_elb_capacity": null,
            "min_size": 3,
            "mixed_instances_policy": [],
            "name": "app1-auto-scaling-group-20241210050932054400000003",
            "name_prefix": "app1-auto-scaling-group-",
            "placement_group": "",
            "protect_from_scale_in": false,
            "service_linked_role_arn": "arn:aws:iam::339712969827:role/aws-service-role/autoscaling.amazonaws.com/AWSServiceRoleForAutoScaling",
            "suspended_processes": null,
            "tag": [
              {
                "key": "Environment",
                "propagate_at_launch": true,
                "value": "Production"
              },
              {
                "key": "Name",
                "propagate_at_launch": true,
                "value": "J-Tele-Doctor"
              }
            ],
            "tags": null,
            "target_group_arns": [
              "arn:aws:elasticloadbalancing:ap-northeast-1:339712969827:targetgroup/XGmedTokyo-TG01/6eae96a8375ed673"
            ],
            "termination_policies": null,
            "timeouts": null,
            "vpc_zone_identifier": [
              "subnet-0718da1140f28fabf",
              "subnet-0b3b5e5877ba07385",
              "subnet-0dfcfd9a47f14dc41"
            ],
            "wait_for_capacity_timeout": "10m",
            "wait_for_elb_capacity": null,
            "warm_pool": []
          },
          "sensitive_attributes": [],
          "private": "eyJlMmJmYjczMC1lY2FhLTExZTYtOGY4OC0zNDM2M2JjN2M0YzAiOnsiZGVsZXRlIjo2MDAwMDAwMDAwMDB9fQ==",
          "dependencies": [
            "aws_launch_template.XGmedTokyo_LT",
            "aws_lb_target_group.XGmedTokyo-TG01",
            "aws_security_group.XGmedTokyo-sg01-servers",
            "aws_subnet.private-ap-northeast-1a",
            "aws_subnet.private-ap-northeast-1c",
            "aws_subnet.private-ap-northeast-1d",
            "aws_vpc.XGmedTokyo_VPC"
          ]
        }
      ]
    },
    {
      "mode": "managed",
      "type": "aws_autoscaling_policy",
      "name": "app1_scaling_policy",
      "provider": "provider[\"registry.terraform.io/hashicorp/aws\"]",
      "instances": [
        {
          "schema_version": 0,
          "attributes": {
            "adjustment_type": "",
            "arn": "arn:aws:autoscaling:ap-northeast-1:339712969827:scalingPolicy:b89ce183-e81f-4ed1-bc86-316336ada8c7:autoScalingGroupName/app1-auto-scaling-group-20241210050932054400000003:policyName/app1-cpu-target",
            "autoscaling_group_name": "app1-auto-scaling-group-20241210050932054400000003",
            "cooldown": 0,
            "estimated_instance_warmup": 120,
            "id": "app1-cpu-target",
            "metric_aggregation_type": "",
            "min_adjustment_magnitude": null,
            "name": "app1-cpu-target",
            "policy_type": "TargetTrackingScaling",
            "predictive_scaling_configuration": [],
            "scaling_adjustment": 0,
            "step_adjustment": [],
            "target_tracking_configuration": [
              {
                "customized_metric_specification": [],
                "disable_scale_in": false,
                "predefined_metric_specification": [
                  {
                    "predefined_metric_type": "ASGAverageCPUUtilization",
                    "resource_label": ""
                  }
                ],
                "target_value": 75
              }
            ]
          },
          "sensitive_attributes": [],
          "private": "bnVsbA==",
          "dependencies": [
            "aws_autoscaling_group.XGmedTokyo-ASG01",
            "aws_launch_template.XGmedTokyo_LT",
            "aws_lb_target_group.XGmedTokyo-TG01",
            "aws_security_group.XGmedTokyo-sg01-servers",
            "aws_subnet.private-ap-northeast-1a",
            "aws_subnet.private-ap-northeast-1c",
            "aws_subnet.private-ap-northeast-1d",
            "aws_vpc.XGmedTokyo_VPC"
          ]
        }
      ]
    },
    {
      "mode": "managed",
      "type": "aws_eip",
      "name": "nat",
      "provider": "provider[\"registry.terraform.io/hashicorp/aws\"]",
      "instances": [
        {
          "schema_version": 0,
          "attributes": {
            "address": null,
            "allocation_id": "eipalloc-0d196336db5455b87",
            "associate_with_private_ip": null,
            "association_id": "",
            "carrier_ip": "",
            "customer_owned_ip": "",
            "customer_owned_ipv4_pool": "",
            "domain": "vpc",
            "id": "eipalloc-0d196336db5455b87",
            "instance": "",
            "network_border_group": "ap-northeast-1",
            "network_interface": "",
            "private_dns": null,
            "private_ip": "",
            "public_dns": "ec2-54-199-234-77.ap-northeast-1.compute.amazonaws.com",
            "public_ip": "54.199.234.77",
            "public_ipv4_pool": "amazon",
            "tags": {
              "Name": "nat"
            },
            "tags_all": {
              "Name": "nat"
            },
            "timeouts": null,
            "vpc": true
          },
          "sensitive_attributes": [],
          "private": "eyJlMmJmYjczMC1lY2FhLTExZTYtOGY4OC0zNDM2M2JjN2M0YzAiOnsiZGVsZXRlIjoxODAwMDAwMDAwMDAsInJlYWQiOjkwMDAwMDAwMDAwMCwidXBkYXRlIjozMDAwMDAwMDAwMDB9fQ=="
        }
      ]
    },
    {
      "mode": "managed",
      "type": "aws_internet_gateway",
      "name": "igw",
      "provider": "provider[\"registry.terraform.io/hashicorp/aws\"]",
      "instances": [
        {
          "schema_version": 0,
          "attributes": {
            "arn": "arn:aws:ec2:ap-northeast-1:339712969827:internet-gateway/igw-0bd841fe4afbbb1b2",
            "id": "igw-0bd841fe4afbbb1b2",
            "owner_id": "339712969827",
            "tags": {
              "Goal": "Leave_Matrix",
              "Name": "XGmedTokyo_VPC_IG",
              "Owner": "Crows",
              "Service": "Armageddon"
            },
            "tags_all": {
              "Goal": "Leave_Matrix",
              "Name": "XGmedTokyo_VPC_IG",
              "Owner": "Crows",
              "Service": "Armageddon"
            },
            "vpc_id": "vpc-0b98111ffb25e1690"
          },
          "sensitive_attributes": [],
          "private": "bnVsbA==",
          "dependencies": [
            "aws_vpc.XGmedTokyo_VPC"
          ]
        }
      ]
    },
    {
      "mode": "managed",
      "type": "aws_launch_template",
      "name": "XGmedTokyo_LT",
      "provider": "provider[\"registry.terraform.io/hashicorp/aws\"]",
      "instances": [
        {
          "schema_version": 0,
          "attributes": {
            "arn": "arn:aws:ec2:ap-northeast-1:339712969827:launch-template/lt-0b78a5f4eaa9838c8",
            "block_device_mappings": [],
            "capacity_reservation_specification": [],
            "cpu_options": [],
            "credit_specification": [],
            "default_version": 1,
            "description": "",
            "disable_api_termination": false,
            "ebs_optimized": "",
            "elastic_gpu_specifications": [],
            "elastic_inference_accelerator": [],
            "enclave_options": [],
            "hibernation_options": [],
            "iam_instance_profile": [],
            "id": "lt-0b78a5f4eaa9838c8",
            "image_id": "ami-023ff3d4ab11b2525",
            "instance_initiated_shutdown_behavior": "",
            "instance_market_options": [],
            "instance_type": "t2.micro",
            "kernel_id": "",
            "key_name": "J-Tele-Doctor",
            "latest_version": 1,
            "license_specification": [],
            "metadata_options": [],
            "monitoring": [],
            "name": "XGmedTokyo_LT20241210050929483700000001",
            "name_prefix": "XGmedTokyo_LT",
            "network_interfaces": [],
            "placement": [],
            "ram_disk_id": "",
            "security_group_names": null,
            "tag_specifications": [
              {
                "resource_type": "instance",
                "tags": {
                  "Goal": "Leave_Matrix",
                  "Name": "XGmedTokyo",
                  "Owner": "Tokyo Midtown Medical Center",
                  "Service": "J-Tele-Doctor"
                }
              }
            ],
            "tags": null,
            "tags_all": {},
            "update_default_version": null,
            "user_data": "ICAgICMhL2Jpbi9iYXNoCiAgICB5dW0gdXBkYXRlIC15CiAgICB5dW0gaW5zdGFsbCAteSBodHRwZAogICAgc3lzdGVtY3RsIHN0YXJ0IGh0dHBkCiAgICBzeXN0ZW1jdGwgZW5hYmxlIGh0dHBkCgogICAgIyBHZXQgdGhlIElNRFN2MiB0b2tlbgogICAgVE9LRU49JChjdXJsIC1YIFBVVCAiaHR0cDovLzE2OS4yNTQuMTY5LjI1NC9sYXRlc3QvYXBpL3Rva2VuIiAtSCAiWC1hd3MtZWMyLW1ldGFkYXRhLXRva2VuLXR0bC1zZWNvbmRzOiAyMTYwMCIpCgogICAgIyBCYWNrZ3JvdW5kIHRoZSBjdXJsIHJlcXVlc3RzCiAgICBjdXJsIC1IICJYLWF3cy1lYzItbWV0YWRhdGEtdG9rZW46ICRUT0tFTiIgLXMgaHR0cDovLzE2OS4yNTQuMTY5LjI1NC9sYXRlc3QvbWV0YS1kYXRhL2xvY2FsLWlwdjQgJj4gL3RtcC9sb2NhbF9pcHY0ICYKICAgIGN1cmwgLUggIlgtYXdzLWVjMi1tZXRhZGF0YS10b2tlbjogJFRPS0VOIiAtcyBodHRwOi8vMTY5LjI1NC4xNjkuMjU0L2xhdGVzdC9tZXRhLWRhdGEvcGxhY2VtZW50L2F2YWlsYWJpbGl0eS16b25lICY+IC90bXAvYXogJgogICAgY3VybCAtSCAiWC1hd3MtZWMyLW1ldGFkYXRhLXRva2VuOiAkVE9LRU4iIC1zIGh0dHA6Ly8xNjkuMjU0LjE2OS4yNTQvbGF0ZXN0L21ldGEtZGF0YS9uZXR3b3JrL2ludGVyZmFjZXMvbWFjcy8gJj4gL3RtcC9tYWNpZCAmCiAgICB3YWl0CgogICAgbWFjaWQ9JChjYXQgL3RtcC9tYWNpZCkKICAgIGxvY2FsX2lwdjQ9JChjYXQgL3RtcC9sb2NhbF9pcHY0KQogICAgYXo9JChjYXQgL3RtcC9heikKICAgIHZwYz0kKGN1cmwgLUggIlgtYXdzLWVjMi1tZXRhZGF0YS10b2tlbjogJFRPS0VOIiAtcyBodHRwOi8vMTY5LjI1NC4xNjkuMjU0L2xhdGVzdC9tZXRhLWRhdGEvbmV0d29yay9pbnRlcmZhY2VzL21hY3MvJG1hY2lkL3ZwYy1pZCkKCiAgICAjIENyZWF0ZSBIVE1MIGZpbGUKICAgIGNhdCA8PC1IVE1MID4gL3Zhci93d3cvaHRtbC9pbmRleC5odG1sCiAgIDwhZG9jdHlwZSBodG1sPgo8aHRtbCBsYW5nPVwiZW5cIiBjbGFzcz1cImgxMDBcIj4KPGhlYWQ+Cjx0aXRsZT5Ub2t5byBNaWR0b3duIE1lZGljYWwgQ2VudGVyPC90aXRsZT4KPC9oZWFkPgo8Ym9keT4KPGRpdj4KPGgxPkEgQ2xhc3MgNiBTaXRlPC9oMT4KCjxicj4KCiMgcGxhY2UgdGhlIG1haW4gc3BsYXNoIGltYWdlIG9mIG1lZGljYWwgY2VudGVyIGFuZCBzdGFmZgoKPGltZyBzcmM9IlRva3lvLU1lZC5qcGciPgoKPGJyPgoKPGgyPk5vdCBGZWVsaW5nIFdlbGw/Li4uPC9oMj4KPGgyPk91ciBTdGFmZiBXaWxsIE51cnNlIFlvdSBCYWNrIFRvIEhlYWx0aCBpbiBNaW51dDwvaDI+Cgo8YnI+Cgo8aW1nIHNyYz0ibnVyc2VzMDAxLnBuZyI+Cgo8YnI+Cgo8aDI+QnJpbmcgQSBGcmllbmQuLi4gT3IgMTAhISE8L2gyPgo8aDI+U2F0aXNmYWN0aW9uIEd1YXJhbnRlZWQ8L2gyPgoKPGJyPgoKPGltZyBzcmM9Im51cnNlczAwMi5wbmciPgoKPGJyPgoKPGltZyBzcmM9IkJlbmQtT3Zlci5qcGciPgoKPGJyPgoKCgo8L2Rpdj4KPC9ib2R5Pgo8L2h0bWw+CkhUTUwKCiAgICAjIENsZWFuIHVwIHRoZSB0ZW1wIGZpbGVzCiAgICBybSAtZiAvdG1wL2xvY2FsX2lwdjQgL3RtcC9heiAvdG1wL21hY2lkCg==",
            "vpc_security_group_ids": [
              "sg-062839e8ee34cc229"
            ]
          },
          "sensitive_attributes": [],
          "private": "bnVsbA==",
          "dependencies": [
            "aws_security_group.XGmedTokyo-sg01-servers",
            "aws_vpc.XGmedTokyo_VPC"
          ],
          "create_before_destroy": true
        }
      ]
    },
    {
      "mode": "managed",
      "type": "aws_lb",
      "name": "XGmedTokyo-TG01",
      "provider": "provider[\"registry.terraform.io/hashicorp/aws\"]",
      "instances": [
        {
          "schema_version": 0,
          "attributes": {
            "access_logs": [
              {
                "bucket": "",
                "enabled": false,
                "prefix": ""
              }
            ],
            "arn": "arn:aws:elasticloadbalancing:ap-northeast-1:339712969827:loadbalancer/app/XGmedTokyo-TG01d-balancer/58fddcac1f97a84e",
            "arn_suffix": "app/XGmedTokyo-TG01d-balancer/58fddcac1f97a84e",
            "customer_owned_ipv4_pool": "",
            "desync_mitigation_mode": "defensive",
            "dns_name": "XGmedTokyo-TG01d-balancer-1813563663.ap-northeast-1.elb.amazonaws.com",
            "drop_invalid_header_fields": false,
            "enable_cross_zone_load_balancing": true,
            "enable_deletion_protection": false,
            "enable_http2": true,
            "enable_waf_fail_open": false,
            "id": "arn:aws:elasticloadbalancing:ap-northeast-1:339712969827:loadbalancer/app/XGmedTokyo-TG01d-balancer/58fddcac1f97a84e",
            "idle_timeout": 60,
            "internal": false,
            "ip_address_type": "ipv4",
            "load_balancer_type": "application",
            "name": "XGmedTokyo-TG01d-balancer",
            "name_prefix": null,
            "security_groups": [
              "sg-01e08c3e5fe1f3e3c"
            ],
            "subnet_mapping": [
              {
                "allocation_id": "",
                "ipv6_address": "",
                "outpost_id": "",
                "private_ipv4_address": "",
                "subnet_id": "subnet-0204f881ad88bb1ab"
              },
              {
                "allocation_id": "",
                "ipv6_address": "",
                "outpost_id": "",
                "private_ipv4_address": "",
                "subnet_id": "subnet-0f46cbd4040e3d8d3"
              },
              {
                "allocation_id": "",
                "ipv6_address": "",
                "outpost_id": "",
                "private_ipv4_address": "",
                "subnet_id": "subnet-0f4f1ed8f71b7650d"
              }
            ],
            "subnets": [
              "subnet-0204f881ad88bb1ab",
              "subnet-0f46cbd4040e3d8d3",
              "subnet-0f4f1ed8f71b7650d"
            ],
            "tags": {
              "Name": "XGmedTokyo-TG01Balancer",
              "Owner": "Crows",
              "Project": "Web Service",
              "Service": "XGmedTokyo-TG01"
            },
            "tags_all": {
              "Name": "XGmedTokyo-TG01Balancer",
              "Owner": "Crows",
              "Project": "Web Service",
              "Service": "XGmedTokyo-TG01"
            },
            "timeouts": null,
            "vpc_id": "vpc-0b98111ffb25e1690",
            "zone_id": "Z14GRHDCWA56QT"
          },
          "sensitive_attributes": [],
          "private": "eyJlMmJmYjczMC1lY2FhLTExZTYtOGY4OC0zNDM2M2JjN2M0YzAiOnsiY3JlYXRlIjo2MDAwMDAwMDAwMDAsImRlbGV0ZSI6NjAwMDAwMDAwMDAwLCJ1cGRhdGUiOjYwMDAwMDAwMDAwMH19",
          "dependencies": [
            "aws_security_group.XGmedTokyo-sg02-LB01",
            "aws_subnet.public-ap-northeast-1a",
            "aws_subnet.public-ap-northeast-1c",
            "aws_subnet.public-ap-northeast-1d",
            "aws_vpc.XGmedTokyo_VPC"
          ]
        }
      ]
    },
    {
      "mode": "managed",
      "type": "aws_lb_listener",
      "name": "http",
      "provider": "provider[\"registry.terraform.io/hashicorp/aws\"]",
      "instances": [
        {
          "schema_version": 0,
          "attributes": {
            "alpn_policy": null,
            "arn": "arn:aws:elasticloadbalancing:ap-northeast-1:339712969827:listener/app/XGmedTokyo-TG01d-balancer/58fddcac1f97a84e/d35b06a0ef01f308",
            "certificate_arn": null,
            "default_action": [
              {
                "authenticate_cognito": [],
                "authenticate_oidc": [],
                "fixed_response": [],
                "forward": [],
                "order": 1,
                "redirect": [],
                "target_group_arn": "arn:aws:elasticloadbalancing:ap-northeast-1:339712969827:targetgroup/XGmedTokyo-TG01/6eae96a8375ed673",
                "type": "forward"
              }
            ],
            "id": "arn:aws:elasticloadbalancing:ap-northeast-1:339712969827:listener/app/XGmedTokyo-TG01d-balancer/58fddcac1f97a84e/d35b06a0ef01f308",
            "load_balancer_arn": "arn:aws:elasticloadbalancing:ap-northeast-1:339712969827:loadbalancer/app/XGmedTokyo-TG01d-balancer/58fddcac1f97a84e",
            "port": 80,
            "protocol": "HTTP",
            "ssl_policy": "",
            "tags": null,
            "tags_all": {},
            "timeouts": null
          },
          "sensitive_attributes": [],
          "private": "eyJlMmJmYjczMC1lY2FhLTExZTYtOGY4OC0zNDM2M2JjN2M0YzAiOnsicmVhZCI6NjAwMDAwMDAwMDAwfX0=",
          "dependencies": [
            "aws_lb.XGmedTokyo-TG01",
            "aws_lb_target_group.XGmedTokyo-TG01",
            "aws_security_group.XGmedTokyo-sg02-LB01",
            "aws_subnet.public-ap-northeast-1a",
            "aws_subnet.public-ap-northeast-1c",
            "aws_subnet.public-ap-northeast-1d",
            "aws_vpc.XGmedTokyo_VPC"
          ]
        }
      ]
    },
    {
      "mode": "managed",
      "type": "aws_lb_target_group",
      "name": "XGmedTokyo-TG01",
      "provider": "provider[\"registry.terraform.io/hashicorp/aws\"]",
      "instances": [
        {
          "schema_version": 0,
          "attributes": {
            "arn": "arn:aws:elasticloadbalancing:ap-northeast-1:339712969827:targetgroup/XGmedTokyo-TG01/6eae96a8375ed673",
            "arn_suffix": "targetgroup/XGmedTokyo-TG01/6eae96a8375ed673",
            "connection_termination": false,
            "deregistration_delay": "300",
            "health_check": [
              {
                "enabled": true,
                "healthy_threshold": 5,
                "interval": 30,
                "matcher": "200",
                "path": "/",
                "port": "traffic-port",
                "protocol": "HTTP",
                "timeout": 5,
                "unhealthy_threshold": 2
              }
            ],
            "id": "arn:aws:elasticloadbalancing:ap-northeast-1:339712969827:targetgroup/XGmedTokyo-TG01/6eae96a8375ed673",
            "lambda_multi_value_headers_enabled": false,
            "load_balancing_algorithm_type": "round_robin",
            "name": "XGmedTokyo-TG01",
            "name_prefix": null,
            "port": 80,
            "preserve_client_ip": null,
            "protocol": "HTTP",
            "protocol_version": "HTTP1",
            "proxy_protocol_v2": false,
            "slow_start": 0,
            "stickiness": [
              {
                "cookie_duration": 86400,
                "cookie_name": "",
                "enabled": false,
                "type": "lb_cookie"
              }
            ],
            "tags": {
              "Name": "XGmedTokyo-TG01",
              "Owner": "Crows",
              "Project": "Armageddon",
              "Service": "J-Tele-Doctor"
            },
            "tags_all": {
              "Name": "XGmedTokyo-TG01",
              "Owner": "Crows",
              "Project": "Armageddon",
              "Service": "J-Tele-Doctor"
            },
            "target_type": "instance",
            "vpc_id": "vpc-0b98111ffb25e1690"
          },
          "sensitive_attributes": [],
          "private": "bnVsbA==",
          "dependencies": [
            "aws_vpc.XGmedTokyo_VPC"
          ]
        }
      ]
    },
    {
      "mode": "managed",
      "type": "aws_nat_gateway",
      "name": "nat",
      "provider": "provider[\"registry.terraform.io/hashicorp/aws\"]",
      "instances": [
        {
          "schema_version": 0,
          "attributes": {
            "allocation_id": "eipalloc-0d196336db5455b87",
            "connectivity_type": "public",
            "id": "nat-0543d947e890a6be9",
            "network_interface_id": "eni-0e349a9e24554d252",
            "private_ip": "10.98.1.180",
            "public_ip": "54.199.234.77",
            "subnet_id": "subnet-0f46cbd4040e3d8d3",
            "tags": {
              "Name": "nat"
            },
            "tags_all": {
              "Name": "nat"
            }
          },
          "sensitive_attributes": [],
          "private": "bnVsbA==",
          "dependencies": [
            "aws_eip.nat",
            "aws_internet_gateway.igw",
            "aws_subnet.public-ap-northeast-1a",
            "aws_vpc.XGmedTokyo_VPC"
          ]
        }
      ]
    },
    {
      "mode": "managed",
      "type": "aws_route_table",
      "name": "private",
      "provider": "provider[\"registry.terraform.io/hashicorp/aws\"]",
      "instances": [
        {
          "schema_version": 0,
          "attributes": {
            "arn": "arn:aws:ec2:ap-northeast-1:339712969827:route-table/rtb-0dc2bf62743d017ec",
            "id": "rtb-0dc2bf62743d017ec",
            "owner_id": "339712969827",
            "propagating_vgws": [],
            "route": [
              {
                "carrier_gateway_id": "",
                "cidr_block": "0.0.0.0/0",
                "destination_prefix_list_id": "",
                "egress_only_gateway_id": "",
                "gateway_id": "",
                "instance_id": "",
                "ipv6_cidr_block": "",
                "local_gateway_id": "",
                "nat_gateway_id": "nat-0543d947e890a6be9",
                "network_interface_id": "",
                "transit_gateway_id": "",
                "vpc_endpoint_id": "",
                "vpc_peering_connection_id": ""
              }
            ],
            "tags": {
              "Name": "private"
            },
            "tags_all": {
              "Name": "private"
            },
            "timeouts": null,
            "vpc_id": "vpc-0b98111ffb25e1690"
          },
          "sensitive_attributes": [],
          "private": "eyJlMmJmYjczMC1lY2FhLTExZTYtOGY4OC0zNDM2M2JjN2M0YzAiOnsiY3JlYXRlIjozMDAwMDAwMDAwMDAsImRlbGV0ZSI6MzAwMDAwMDAwMDAwLCJ1cGRhdGUiOjEyMDAwMDAwMDAwMH19",
          "dependencies": [
            "aws_eip.nat",
            "aws_internet_gateway.igw",
            "aws_nat_gateway.nat",
            "aws_subnet.public-ap-northeast-1a",
            "aws_vpc.XGmedTokyo_VPC"
          ]
        }
      ]
    },
    {
      "mode": "managed",
      "type": "aws_route_table",
      "name": "public",
      "provider": "provider[\"registry.terraform.io/hashicorp/aws\"]",
      "instances": [
        {
          "schema_version": 0,
          "attributes": {
            "arn": "arn:aws:ec2:ap-northeast-1:339712969827:route-table/rtb-073e3fe1539c009fa",
            "id": "rtb-073e3fe1539c009fa",
            "owner_id": "339712969827",
            "propagating_vgws": [],
            "route": [
              {
                "carrier_gateway_id": "",
                "cidr_block": "0.0.0.0/0",
                "destination_prefix_list_id": "",
                "egress_only_gateway_id": "",
                "gateway_id": "igw-0bd841fe4afbbb1b2",
                "instance_id": "",
                "ipv6_cidr_block": "",
                "local_gateway_id": "",
                "nat_gateway_id": "",
                "network_interface_id": "",
                "transit_gateway_id": "",
                "vpc_endpoint_id": "",
                "vpc_peering_connection_id": ""
              }
            ],
            "tags": {
              "Name": "public"
            },
            "tags_all": {
              "Name": "public"
            },
            "timeouts": null,
            "vpc_id": "vpc-0b98111ffb25e1690"
          },
          "sensitive_attributes": [],
          "private": "eyJlMmJmYjczMC1lY2FhLTExZTYtOGY4OC0zNDM2M2JjN2M0YzAiOnsiY3JlYXRlIjozMDAwMDAwMDAwMDAsImRlbGV0ZSI6MzAwMDAwMDAwMDAwLCJ1cGRhdGUiOjEyMDAwMDAwMDAwMH19",
          "dependencies": [
            "aws_internet_gateway.igw",
            "aws_vpc.XGmedTokyo_VPC"
          ]
        }
      ]
    },
    {
      "mode": "managed",
      "type": "aws_route_table_association",
      "name": "private-ap-northeast-1a",
      "provider": "provider[\"registry.terraform.io/hashicorp/aws\"]",
      "instances": [
        {
          "schema_version": 0,
          "attributes": {
            "gateway_id": "",
            "id": "rtbassoc-09b44b4cd7d12f9da",
            "route_table_id": "rtb-0dc2bf62743d017ec",
            "subnet_id": "subnet-0dfcfd9a47f14dc41"
          },
          "sensitive_attributes": [],
          "private": "bnVsbA==",
          "dependencies": [
            "aws_eip.nat",
            "aws_internet_gateway.igw",
            "aws_nat_gateway.nat",
            "aws_route_table.private",
            "aws_subnet.private-ap-northeast-1a",
            "aws_subnet.public-ap-northeast-1a",
            "aws_vpc.XGmedTokyo_VPC"
          ]
        }
      ]
    },
    {
      "mode": "managed",
      "type": "aws_route_table_association",
      "name": "private-ap-northeast-1c",
      "provider": "provider[\"registry.terraform.io/hashicorp/aws\"]",
      "instances": [
        {
          "schema_version": 0,
          "attributes": {
            "gateway_id": "",
            "id": "rtbassoc-0238be42fe9b98120",
            "route_table_id": "rtb-0dc2bf62743d017ec",
            "subnet_id": "subnet-0b3b5e5877ba07385"
          },
          "sensitive_attributes": [],
          "private": "bnVsbA==",
          "dependencies": [
            "aws_eip.nat",
            "aws_internet_gateway.igw",
            "aws_nat_gateway.nat",
            "aws_route_table.private",
            "aws_subnet.private-ap-northeast-1c",
            "aws_subnet.public-ap-northeast-1a",
            "aws_vpc.XGmedTokyo_VPC"
          ]
        }
      ]
    },
    {
      "mode": "managed",
      "type": "aws_route_table_association",
      "name": "private-ap-northeast-1d",
      "provider": "provider[\"registry.terraform.io/hashicorp/aws\"]",
      "instances": [
        {
          "schema_version": 0,
          "attributes": {
            "gateway_id": "",
            "id": "rtbassoc-01ef38ee7e20f8023",
            "route_table_id": "rtb-0dc2bf62743d017ec",
            "subnet_id": "subnet-0718da1140f28fabf"
          },
          "sensitive_attributes": [],
          "private": "bnVsbA==",
          "dependencies": [
            "aws_eip.nat",
            "aws_internet_gateway.igw",
            "aws_nat_gateway.nat",
            "aws_route_table.private",
            "aws_subnet.private-ap-northeast-1d",
            "aws_subnet.public-ap-northeast-1a",
            "aws_vpc.XGmedTokyo_VPC"
          ]
        }
      ]
    },
    {
      "mode": "managed",
      "type": "aws_route_table_association",
      "name": "public-ap-northeast-1a",
      "provider": "provider[\"registry.terraform.io/hashicorp/aws\"]",
      "instances": [
        {
          "schema_version": 0,
          "attributes": {
            "gateway_id": "",
            "id": "rtbassoc-041409e5d87e2f4e1",
            "route_table_id": "rtb-073e3fe1539c009fa",
            "subnet_id": "subnet-0f46cbd4040e3d8d3"
          },
          "sensitive_attributes": [],
          "private": "bnVsbA==",
          "dependencies": [
            "aws_internet_gateway.igw",
            "aws_route_table.public",
            "aws_subnet.public-ap-northeast-1a",
            "aws_vpc.XGmedTokyo_VPC"
          ]
        }
      ]
    },
    {
      "mode": "managed",
      "type": "aws_route_table_association",
      "name": "public-ap-northeast-1c",
      "provider": "provider[\"registry.terraform.io/hashicorp/aws\"]",
      "instances": [
        {
          "schema_version": 0,
          "attributes": {
            "gateway_id": "",
            "id": "rtbassoc-0387ef2e602cc9ea6",
            "route_table_id": "rtb-073e3fe1539c009fa",
            "subnet_id": "subnet-0204f881ad88bb1ab"
          },
          "sensitive_attributes": [],
          "private": "bnVsbA==",
          "dependencies": [
            "aws_internet_gateway.igw",
            "aws_route_table.public",
            "aws_subnet.public-ap-northeast-1c",
            "aws_vpc.XGmedTokyo_VPC"
          ]
        }
      ]
    },
    {
      "mode": "managed",
      "type": "aws_route_table_association",
      "name": "public-ap-northeast-1d",
      "provider": "provider[\"registry.terraform.io/hashicorp/aws\"]",
      "instances": [
        {
          "schema_version": 0,
          "attributes": {
            "gateway_id": "",
            "id": "rtbassoc-0312f83316f5ac1ca",
            "route_table_id": "rtb-073e3fe1539c009fa",
            "subnet_id": "subnet-0f4f1ed8f71b7650d"
          },
          "sensitive_attributes": [],
          "private": "bnVsbA==",
          "dependencies": [
            "aws_internet_gateway.igw",
            "aws_route_table.public",
            "aws_subnet.public-ap-northeast-1d",
            "aws_vpc.XGmedTokyo_VPC"
          ]
        }
      ]
    },
    {
      "mode": "managed",
      "type": "aws_security_group",
      "name": "XGmedTokyo-sg01-servers",
      "provider": "provider[\"registry.terraform.io/hashicorp/aws\"]",
      "instances": [
        {
          "schema_version": 1,
          "attributes": {
            "arn": "arn:aws:ec2:ap-northeast-1:339712969827:security-group/sg-062839e8ee34cc229",
            "description": "XGmedTokyo_VPC-sg01-servers",
            "egress": [
              {
                "cidr_blocks": [
                  "0.0.0.0/0"
                ],
                "description": "",
                "from_port": 0,
                "ipv6_cidr_blocks": [],
                "prefix_list_ids": [],
                "protocol": "-1",
                "security_groups": [],
                "self": false,
                "to_port": 0
              }
            ],
            "id": "sg-062839e8ee34cc229",
            "ingress": [
              {
                "cidr_blocks": [
                  "0.0.0.0/0"
                ],
                "description": "ICMP",
                "from_port": 3389,
                "ipv6_cidr_blocks": [],
                "prefix_list_ids": [],
                "protocol": "tcp",
                "security_groups": [],
                "self": false,
                "to_port": 3389
              },
              {
                "cidr_blocks": [
                  "0.0.0.0/0"
                ],
                "description": "MyHomePage",
                "from_port": 80,
                "ipv6_cidr_blocks": [],
                "prefix_list_ids": [],
                "protocol": "tcp",
                "security_groups": [],
                "self": false,
                "to_port": 80
              },
              {
                "cidr_blocks": [
                  "0.0.0.0/0"
                ],
                "description": "SSH",
                "from_port": 22,
                "ipv6_cidr_blocks": [],
                "prefix_list_ids": [],
                "protocol": "tcp",
                "security_groups": [],
                "self": false,
                "to_port": 22
              }
            ],
            "name": "XGmedTokyo_VPC-sg01-servers",
            "name_prefix": "",
            "owner_id": "339712969827",
            "revoke_rules_on_delete": false,
            "tags": {
              "Goal": "Leave_Matrix",
              "Name": "XGmedTokyo_VPC-sg01-servers",
              "Owner": "Crows",
              "Service": "J-Tele-Doctor"
            },
            "tags_all": {
              "Goal": "Leave_Matrix",
              "Name": "XGmedTokyo_VPC-sg01-servers",
              "Owner": "Crows",
              "Service": "J-Tele-Doctor"
            },
            "timeouts": null,
            "vpc_id": "vpc-0b98111ffb25e1690"
          },
          "sensitive_attributes": [],
          "private": "eyJlMmJmYjczMC1lY2FhLTExZTYtOGY4OC0zNDM2M2JjN2M0YzAiOnsiY3JlYXRlIjo2MDAwMDAwMDAwMDAsImRlbGV0ZSI6OTAwMDAwMDAwMDAwfSwic2NoZW1hX3ZlcnNpb24iOiIxIn0=",
          "dependencies": [
            "aws_vpc.XGmedTokyo_VPC"
          ],
          "create_before_destroy": true
        }
      ]
    },
    {
      "mode": "managed",
      "type": "aws_security_group",
      "name": "XGmedTokyo-sg02-LB01",
      "provider": "provider[\"registry.terraform.io/hashicorp/aws\"]",
      "instances": [
        {
          "schema_version": 1,
          "attributes": {
            "arn": "arn:aws:ec2:ap-northeast-1:339712969827:security-group/sg-01e08c3e5fe1f3e3c",
            "description": "XGmedTokyo_VPC-sg02-LB01",
            "egress": [
              {
                "cidr_blocks": [
                  "0.0.0.0/0"
                ],
                "description": "",
                "from_port": 0,
                "ipv6_cidr_blocks": [],
                "prefix_list_ids": [],
                "protocol": "-1",
                "security_groups": [],
                "self": false,
                "to_port": 0
              }
            ],
            "id": "sg-01e08c3e5fe1f3e3c",
            "ingress": [
              {
                "cidr_blocks": [
                  "0.0.0.0/0"
                ],
                "description": "Tokyo Midtown Medical Center",
                "from_port": 80,
                "ipv6_cidr_blocks": [],
                "prefix_list_ids": [],
                "protocol": "tcp",
                "security_groups": [],
                "self": false,
                "to_port": 80
              }
            ],
            "name": "XGmedTokyo_VPC-sg02-LB01",
            "name_prefix": "",
            "owner_id": "339712969827",
            "revoke_rules_on_delete": false,
            "tags": {
              "Goal": "Leave_Matrix",
              "Name": "XGmedTokyo_VPC-sg02-LB01",
              "Owner": "Crows",
              "Service": "Load_Balancer"
            },
            "tags_all": {
              "Goal": "Leave_Matrix",
              "Name": "XGmedTokyo_VPC-sg02-LB01",
              "Owner": "Crows",
              "Service": "Load_Balancer"
            },
            "timeouts": null,
            "vpc_id": "vpc-0b98111ffb25e1690"
          },
          "sensitive_attributes": [],
          "private": "eyJlMmJmYjczMC1lY2FhLTExZTYtOGY4OC0zNDM2M2JjN2M0YzAiOnsiY3JlYXRlIjo2MDAwMDAwMDAwMDAsImRlbGV0ZSI6OTAwMDAwMDAwMDAwfSwic2NoZW1hX3ZlcnNpb24iOiIxIn0=",
          "dependencies": [
            "aws_vpc.XGmedTokyo_VPC"
          ]
        }
      ]
    },
    {
      "mode": "managed",
      "type": "aws_subnet",
      "name": "private-ap-northeast-1a",
      "provider": "provider[\"registry.terraform.io/hashicorp/aws\"]",
      "instances": [
        {
          "schema_version": 1,
          "attributes": {
            "arn": "arn:aws:ec2:ap-northeast-1:339712969827:subnet/subnet-0dfcfd9a47f14dc41",
            "assign_ipv6_address_on_creation": false,
            "availability_zone": "ap-northeast-1a",
            "availability_zone_id": "apne1-az4",
            "cidr_block": "10.98.11.0/24",
            "customer_owned_ipv4_pool": "",
            "enable_dns64": false,
            "enable_resource_name_dns_a_record_on_launch": false,
            "enable_resource_name_dns_aaaa_record_on_launch": false,
            "id": "subnet-0dfcfd9a47f14dc41",
            "ipv6_cidr_block": "",
            "ipv6_cidr_block_association_id": "",
            "ipv6_native": false,
            "map_customer_owned_ip_on_launch": false,
            "map_public_ip_on_launch": false,
            "outpost_arn": "",
            "owner_id": "339712969827",
            "private_dns_hostname_type_on_launch": "ip-name",
            "tags": {
              "Goal": "Leave_Matrix",
              "Name": "private-ap-northeast-1a",
              "Owner": "Crows",
              "Service": "Armageddon"
            },
            "tags_all": {
              "Goal": "Leave_Matrix",
              "Name": "private-ap-northeast-1a",
              "Owner": "Crows",
              "Service": "Armageddon"
            },
            "timeouts": null,
            "vpc_id": "vpc-0b98111ffb25e1690"
          },
          "sensitive_attributes": [],
          "private": "eyJlMmJmYjczMC1lY2FhLTExZTYtOGY4OC0zNDM2M2JjN2M0YzAiOnsiY3JlYXRlIjo2MDAwMDAwMDAwMDAsImRlbGV0ZSI6MTIwMDAwMDAwMDAwMH0sInNjaGVtYV92ZXJzaW9uIjoiMSJ9",
          "dependencies": [
            "aws_vpc.XGmedTokyo_VPC"
          ]
        }
      ]
    },
    {
      "mode": "managed",
      "type": "aws_subnet",
      "name": "private-ap-northeast-1c",
      "provider": "provider[\"registry.terraform.io/hashicorp/aws\"]",
      "instances": [
        {
          "schema_version": 1,
          "attributes": {
            "arn": "arn:aws:ec2:ap-northeast-1:339712969827:subnet/subnet-0b3b5e5877ba07385",
            "assign_ipv6_address_on_creation": false,
            "availability_zone": "ap-northeast-1c",
            "availability_zone_id": "apne1-az1",
            "cidr_block": "10.98.13.0/24",
            "customer_owned_ipv4_pool": "",
            "enable_dns64": false,
            "enable_resource_name_dns_a_record_on_launch": false,
            "enable_resource_name_dns_aaaa_record_on_launch": false,
            "id": "subnet-0b3b5e5877ba07385",
            "ipv6_cidr_block": "",
            "ipv6_cidr_block_association_id": "",
            "ipv6_native": false,
            "map_customer_owned_ip_on_launch": false,
            "map_public_ip_on_launch": false,
            "outpost_arn": "",
            "owner_id": "339712969827",
            "private_dns_hostname_type_on_launch": "ip-name",
            "tags": {
              "Goal": "Leave_Matrix",
              "Name": "private-ap-northeast-1c",
              "Owner": "Crows",
              "Service": "Armageddon"
            },
            "tags_all": {
              "Goal": "Leave_Matrix",
              "Name": "private-ap-northeast-1c",
              "Owner": "Crows",
              "Service": "Armageddon"
            },
            "timeouts": null,
            "vpc_id": "vpc-0b98111ffb25e1690"
          },
          "sensitive_attributes": [],
          "private": "eyJlMmJmYjczMC1lY2FhLTExZTYtOGY4OC0zNDM2M2JjN2M0YzAiOnsiY3JlYXRlIjo2MDAwMDAwMDAwMDAsImRlbGV0ZSI6MTIwMDAwMDAwMDAwMH0sInNjaGVtYV92ZXJzaW9uIjoiMSJ9",
          "dependencies": [
            "aws_vpc.XGmedTokyo_VPC"
          ]
        }
      ]
    },
    {
      "mode": "managed",
      "type": "aws_subnet",
      "name": "private-ap-northeast-1d",
      "provider": "provider[\"registry.terraform.io/hashicorp/aws\"]",
      "instances": [
        {
          "schema_version": 1,
          "attributes": {
            "arn": "arn:aws:ec2:ap-northeast-1:339712969827:subnet/subnet-0718da1140f28fabf",
            "assign_ipv6_address_on_creation": false,
            "availability_zone": "ap-northeast-1d",
            "availability_zone_id": "apne1-az2",
            "cidr_block": "10.98.15.0/24",
            "customer_owned_ipv4_pool": "",
            "enable_dns64": false,
            "enable_resource_name_dns_a_record_on_launch": false,
            "enable_resource_name_dns_aaaa_record_on_launch": false,
            "id": "subnet-0718da1140f28fabf",
            "ipv6_cidr_block": "",
            "ipv6_cidr_block_association_id": "",
            "ipv6_native": false,
            "map_customer_owned_ip_on_launch": false,
            "map_public_ip_on_launch": false,
            "outpost_arn": "",
            "owner_id": "339712969827",
            "private_dns_hostname_type_on_launch": "ip-name",
            "tags": {
              "Goal": "Leave_Matrix",
              "Name": "private-ap-northeast-1d",
              "Owner": "Crows",
              "Service": "Armageddon"
            },
            "tags_all": {
              "Goal": "Leave_Matrix",
              "Name": "private-ap-northeast-1d",
              "Owner": "Crows",
              "Service": "Armageddon"
            },
            "timeouts": null,
            "vpc_id": "vpc-0b98111ffb25e1690"
          },
          "sensitive_attributes": [],
          "private": "eyJlMmJmYjczMC1lY2FhLTExZTYtOGY4OC0zNDM2M2JjN2M0YzAiOnsiY3JlYXRlIjo2MDAwMDAwMDAwMDAsImRlbGV0ZSI6MTIwMDAwMDAwMDAwMH0sInNjaGVtYV92ZXJzaW9uIjoiMSJ9",
          "dependencies": [
            "aws_vpc.XGmedTokyo_VPC"
          ]
        }
      ]
    },
    {
      "mode": "managed",
      "type": "aws_subnet",
      "name": "public-ap-northeast-1a",
      "provider": "provider[\"registry.terraform.io/hashicorp/aws\"]",
      "instances": [
        {
          "schema_version": 1,
          "attributes": {
            "arn": "arn:aws:ec2:ap-northeast-1:339712969827:subnet/subnet-0f46cbd4040e3d8d3",
            "assign_ipv6_address_on_creation": false,
            "availability_zone": "ap-northeast-1a",
            "availability_zone_id": "apne1-az4",
            "cidr_block": "10.98.1.0/24",
            "customer_owned_ipv4_pool": "",
            "enable_dns64": false,
            "enable_resource_name_dns_a_record_on_launch": false,
            "enable_resource_name_dns_aaaa_record_on_launch": false,
            "id": "subnet-0f46cbd4040e3d8d3",
            "ipv6_cidr_block": "",
            "ipv6_cidr_block_association_id": "",
            "ipv6_native": false,
            "map_customer_owned_ip_on_launch": false,
            "map_public_ip_on_launch": true,
            "outpost_arn": "",
            "owner_id": "339712969827",
            "private_dns_hostname_type_on_launch": "ip-name",
            "tags": {
              "Goal": "Leave_Matrix",
              "Name": "public-ap-northeast-1a",
              "Owner": "Crows",
              "Service": "Armageddon"
            },
            "tags_all": {
              "Goal": "Leave_Matrix",
              "Name": "public-ap-northeast-1a",
              "Owner": "Crows",
              "Service": "Armageddon"
            },
            "timeouts": null,
            "vpc_id": "vpc-0b98111ffb25e1690"
          },
          "sensitive_attributes": [],
          "private": "eyJlMmJmYjczMC1lY2FhLTExZTYtOGY4OC0zNDM2M2JjN2M0YzAiOnsiY3JlYXRlIjo2MDAwMDAwMDAwMDAsImRlbGV0ZSI6MTIwMDAwMDAwMDAwMH0sInNjaGVtYV92ZXJzaW9uIjoiMSJ9",
          "dependencies": [
            "aws_vpc.XGmedTokyo_VPC"
          ]
        }
      ]
    },
    {
      "mode": "managed",
      "type": "aws_subnet",
      "name": "public-ap-northeast-1c",
      "provider": "provider[\"registry.terraform.io/hashicorp/aws\"]",
      "instances": [
        {
          "schema_version": 1,
          "attributes": {
            "arn": "arn:aws:ec2:ap-northeast-1:339712969827:subnet/subnet-0204f881ad88bb1ab",
            "assign_ipv6_address_on_creation": false,
            "availability_zone": "ap-northeast-1c",
            "availability_zone_id": "apne1-az1",
            "cidr_block": "10.98.3.0/24",
            "customer_owned_ipv4_pool": "",
            "enable_dns64": false,
            "enable_resource_name_dns_a_record_on_launch": false,
            "enable_resource_name_dns_aaaa_record_on_launch": false,
            "id": "subnet-0204f881ad88bb1ab",
            "ipv6_cidr_block": "",
            "ipv6_cidr_block_association_id": "",
            "ipv6_native": false,
            "map_customer_owned_ip_on_launch": false,
            "map_public_ip_on_launch": true,
            "outpost_arn": "",
            "owner_id": "339712969827",
            "private_dns_hostname_type_on_launch": "ip-name",
            "tags": {
              "Goal": "Leave_Matrix",
              "Name": "public-ap-northeast-1c",
              "Owner": "Crows",
              "Service": "Armageddon"
            },
            "tags_all": {
              "Goal": "Leave_Matrix",
              "Name": "public-ap-northeast-1c",
              "Owner": "Crows",
              "Service": "Armageddon"
            },
            "timeouts": null,
            "vpc_id": "vpc-0b98111ffb25e1690"
          },
          "sensitive_attributes": [],
          "private": "eyJlMmJmYjczMC1lY2FhLTExZTYtOGY4OC0zNDM2M2JjN2M0YzAiOnsiY3JlYXRlIjo2MDAwMDAwMDAwMDAsImRlbGV0ZSI6MTIwMDAwMDAwMDAwMH0sInNjaGVtYV92ZXJzaW9uIjoiMSJ9",
          "dependencies": [
            "aws_vpc.XGmedTokyo_VPC"
          ]
        }
      ]
    },
    {
      "mode": "managed",
      "type": "aws_subnet",
      "name": "public-ap-northeast-1d",
      "provider": "provider[\"registry.terraform.io/hashicorp/aws\"]",
      "instances": [
        {
          "schema_version": 1,
          "attributes": {
            "arn": "arn:aws:ec2:ap-northeast-1:339712969827:subnet/subnet-0f4f1ed8f71b7650d",
            "assign_ipv6_address_on_creation": false,
            "availability_zone": "ap-northeast-1d",
            "availability_zone_id": "apne1-az2",
            "cidr_block": "10.98.5.0/24",
            "customer_owned_ipv4_pool": "",
            "enable_dns64": false,
            "enable_resource_name_dns_a_record_on_launch": false,
            "enable_resource_name_dns_aaaa_record_on_launch": false,
            "id": "subnet-0f4f1ed8f71b7650d",
            "ipv6_cidr_block": "",
            "ipv6_cidr_block_association_id": "",
            "ipv6_native": false,
            "map_customer_owned_ip_on_launch": false,
            "map_public_ip_on_launch": true,
            "outpost_arn": "",
            "owner_id": "339712969827",
            "private_dns_hostname_type_on_launch": "ip-name",
            "tags": {
              "Goal": "Leave_Matrix",
              "Name": "public-ap-northeast-1d",
              "Owner": "Crows",
              "Service": "Armageddon"
            },
            "tags_all": {
              "Goal": "Leave_Matrix",
              "Name": "public-ap-northeast-1d",
              "Owner": "Crows",
              "Service": "Armageddon"
            },
            "timeouts": null,
            "vpc_id": "vpc-0b98111ffb25e1690"
          },
          "sensitive_attributes": [],
          "private": "eyJlMmJmYjczMC1lY2FhLTExZTYtOGY4OC0zNDM2M2JjN2M0YzAiOnsiY3JlYXRlIjo2MDAwMDAwMDAwMDAsImRlbGV0ZSI6MTIwMDAwMDAwMDAwMH0sInNjaGVtYV92ZXJzaW9uIjoiMSJ9",
          "dependencies": [
            "aws_vpc.XGmedTokyo_VPC"
          ]
        }
      ]
    },
    {
      "mode": "managed",
      "type": "aws_vpc",
      "name": "XGmedTokyo_VPC",
      "provider": "provider[\"registry.terraform.io/hashicorp/aws\"]",
      "instances": [
        {
          "schema_version": 1,
          "attributes": {
            "arn": "arn:aws:ec2:ap-northeast-1:339712969827:vpc/vpc-0b98111ffb25e1690",
            "assign_generated_ipv6_cidr_block": false,
            "cidr_block": "10.98.0.0/16",
            "default_network_acl_id": "acl-0e08c62102adbed15",
            "default_route_table_id": "rtb-03a3190501898a788",
            "default_security_group_id": "sg-01d2ebe1435455b23",
            "dhcp_options_id": "dopt-0b1cbeaae7db8a82e",
            "enable_classiclink": false,
            "enable_classiclink_dns_support": false,
            "enable_dns_hostnames": false,
            "enable_dns_support": true,
            "id": "vpc-0b98111ffb25e1690",
            "instance_tenancy": "default",
            "ipv4_ipam_pool_id": null,
            "ipv4_netmask_length": null,
            "ipv6_association_id": "",
            "ipv6_cidr_block": "",
            "ipv6_cidr_block_network_border_group": "",
            "ipv6_ipam_pool_id": "",
            "ipv6_netmask_length": 0,
            "main_route_table_id": "rtb-03a3190501898a788",
            "owner_id": "339712969827",
            "tags": {
              "Goal": "Leave_Matrix",
              "Name": "XGmedTokyo_VPC",
              "Owner": "Crows_Group",
              "Service": "Armageddon"
            },
            "tags_all": {
              "Goal": "Leave_Matrix",
              "Name": "XGmedTokyo_VPC",
              "Owner": "Crows_Group",
              "Service": "Armageddon"
            }
          },
          "sensitive_attributes": [],
          "private": "eyJzY2hlbWFfdmVyc2lvbiI6IjEifQ==",
          "create_before_destroy": true
        }
      ]
    },
    {
      "mode": "managed",
      "type": "tls_private_key",
      "name": "J-Tele-Doctor",
      "provider": "provider[\"registry.terraform.io/hashicorp/tls\"]",
      "instances": [
        {
          "schema_version": 1,
          "attributes": {
            "algorithm": "RSA",
            "ecdsa_curve": "P224",
            "id": "968c2bb0bb9a0408e3d037d04afa2fc11426333e",
            "private_key_openssh": "-----BEGIN OPENSSH PRIVATE KEY-----\nb3BlbnNzaC1rZXktdjEAAAAABG5vbmUAAAAEbm9uZQAAAAAAAAABAAABFwAAAAdz\nc2gtcnNhAAAAAwEAAQAAAQEAvb18E8X3xZIoxWXCQfrgvTrP/7hOPUwOXIr6Ws/P\neQvN6GV2PbmUyDEuSCaRIjD3+WoKh8FK++lOiwa+kRhe/ZHVm+4O1+Zz5Rh/Y1tx\n5YQL16mXtgdqey5jwNUcoiljLPg1aJURp7rZylZ4Ks7rlUDRHBf8ncxDzHKKtTln\nCwolrPzbWGEaJ2ObxRLUNXYa4Vif9WERyIRfzA+XI0K/GFLuw5vnT1tkkHS4Ub7S\nITDpzoBBinxoOCos7W2JvHDzoj/2tnwIsJ5oWmnHtT05R65W6DLRnJvsSw909fF5\nt1i3ULliEdSGBAmcCt5uwxto1PQ/LwpTh98aOdH6/yariwAAA7ihGYnboRmJ2wAA\nAAdzc2gtcnNhAAABAQC9vXwTxffFkijFZcJB+uC9Os//uE49TA5civpaz895C83o\nZXY9uZTIMS5IJpEiMPf5agqHwUr76U6LBr6RGF79kdWb7g7X5nPlGH9jW3HlhAvX\nqZe2B2p7LmPA1RyiKWMs+DVolRGnutnKVngqzuuVQNEcF/ydzEPMcoq1OWcLCiWs\n/NtYYRonY5vFEtQ1dhrhWJ/1YRHIhF/MD5cjQr8YUu7Dm+dPW2SQdLhRvtIhMOnO\ngEGKfGg4KiztbYm8cPOiP/a2fAiwnmhaace1PTlHrlboMtGcm+xLD3T18Xm3WLdQ\nuWIR1IYECZwK3m7DG2jU9D8vClOH3xo50fr/JquLAAAAAwEAAQAAAQEApzi7hLXC\nA8cn1ak0RnAz57JQpKArnExOj/MQaD6kLJthssLRLd9EKBdoIcCTwp2DvrZdZ33M\ndy4MweyEwV3IQhRoPU/WlyMM20j25Hswa0YwJbba9Vud1chxs/5eiPCO7pAmifBv\nKfM8hN4mdBv/doA0i1z8j5n52tLMOqHHleqrzZTtoded5jj3/F51UmbxtULc+uYG\nQqVahFpADQk8uQpkEw9LA2LzieKVjU1SA7xgBgtmKpOelsgGHwvCB5jSSyMOhrfp\nOEytVZGZSmJEcYAysY1+gBCTSCLYro61Flxp3qQ5RlFwgHAQfy0TaVZe5KKq3+kZ\nCu7z91RQXHSHWQAAAIARyB9FyHL96nIMI27FFDOw8jKTKlAFW/3e5/WtloREPcnz\n4cUy7u52NupqtKT2cFYRKVIey13DTowPIEWULGAmzkRhi2mGE+65N1UpnMHbMKBN\nbsp1wkF1g+sJPf72Hwxe903esCTtY1nHQBWpwyx+3zWpUYGqCud6tPa2K+Q2JAAA\nAIEA1SztAQg+dhnJQVgNIIUz/pfHGQV+VvnvGn0KZDeE6aU2J0PvLtksEk5Uh6Ek\ntdz/amSmtMNQQZTg5kcfdR+tBbovNTuHHT9OABpdy622QI9grg6bry2aXeg2G1j4\nr9J7epvWqxfgEcZmi3G4oGw8xbJBa0jt62ppsjpL1LQN9ccAAACBAOPbVw0EvgkG\nJgdp3DIVG4lXSuBpP5e5GhTIHkCdeMx7aLT7v5MpXtE01T+a0FZMC6XP8aI0E8Xm\nDgSMHrsbU+fcdLipRFYYDeUJt5LcrJWE7UDzglRYwGoa94VaVPL8FjZQqgAlNKan\nPH2RRgaL+jWBOwynukzJMql7l/frj4wdAAAAAAEC\n-----END OPENSSH PRIVATE KEY-----\n",
            "private_key_pem": "-----BEGIN RSA PRIVATE KEY-----\nMIIEpAIBAAKCAQEAvb18E8X3xZIoxWXCQfrgvTrP/7hOPUwOXIr6Ws/PeQvN6GV2\nPbmUyDEuSCaRIjD3+WoKh8FK++lOiwa+kRhe/ZHVm+4O1+Zz5Rh/Y1tx5YQL16mX\ntgdqey5jwNUcoiljLPg1aJURp7rZylZ4Ks7rlUDRHBf8ncxDzHKKtTlnCwolrPzb\nWGEaJ2ObxRLUNXYa4Vif9WERyIRfzA+XI0K/GFLuw5vnT1tkkHS4Ub7SITDpzoBB\ninxoOCos7W2JvHDzoj/2tnwIsJ5oWmnHtT05R65W6DLRnJvsSw909fF5t1i3ULli\nEdSGBAmcCt5uwxto1PQ/LwpTh98aOdH6/yariwIDAQABAoIBAQCnOLuEtcIDxyfV\nqTRGcDPnslCkoCucTE6P8xBoPqQsm2GywtEt30QoF2ghwJPCnYO+tl1nfcx3LgzB\n7ITBXchCFGg9T9aXIwzbSPbkezBrRjAlttr1W53VyHGz/l6I8I7ukCaJ8G8p8zyE\n3iZ0G/92gDSLXPyPmfna0sw6oceV6qvNlO2h153mOPf8XnVSZvG1Qtz65gZCpVqE\nWkANCTy5CmQTD0sDYvOJ4pWNTVIDvGAGC2Yqk56WyAYfC8IHmNJLIw6Gt+k4TK1V\nkZlKYkRxgDKxjX6AEJNIItiujrUWXGnepDlGUXCAcBB/LRNpVl7koqrf6RkK7vP3\nVFBcdIdZAoGBANUs7QEIPnYZyUFYDSCFM/6XxxkFflb57xp9CmQ3hOmlNidD7y7Z\nLBJOVIehJLXc/2pkprTDUEGU4OZHH3UfrQW6LzU7hx0/TgAaXcuttkCPYK4Om68t\nml3oNhtY+K/Se3qb1qsX4BHGZotxuKBsPMWyQWtI7etqabI6S9S0DfXHAoGBAOPb\nVw0EvgkGJgdp3DIVG4lXSuBpP5e5GhTIHkCdeMx7aLT7v5MpXtE01T+a0FZMC6XP\n8aI0E8XmDgSMHrsbU+fcdLipRFYYDeUJt5LcrJWE7UDzglRYwGoa94VaVPL8FjZQ\nqgAlNKanPH2RRgaL+jWBOwynukzJMql7l/frj4wdAoGBAM4knp/D6Bruvqa4ziDn\njqsg/MBehpj3Ilf8GONmqNoEEIUR9abZDfw50RZDJyvSpQ+ue2MMCH0SyhUFLA9n\n7To/nE0e3n7S68u/s3o15qsxuy02JSjWsZMj7cauV/Y2VX/wWTukX+Lwd9Nayk4f\nvPj0crybjq97fPCD3Ta4U1ObAoGAJN/kUJkJ4A/8q4p4NiqwUCOuXG7r+bPdAqv4\nKWDSodT+9vse38P8MkMol6iIOs8Hu4fRhPyEjqxSbG34szMS+xz0TsYl5wDxjrVp\n3fyUeYYPl0lRODE8wm8my4/423HsblHTkT50LNw3r+KIwJp6nZoSYlPqlG6jIkZ8\nK4UVsAkCgYARyB9FyHL96nIMI27FFDOw8jKTKlAFW/3e5/WtloREPcnz4cUy7u52\nNupqtKT2cFYRKVIey13DTowPIEWULGAmzkRhi2mGE+65N1UpnMHbMKBNbsp1wkF1\ng+sJPf72Hwxe903esCTtY1nHQBWpwyx+3zWpUYGqCud6tPa2K+Q2JA==\n-----END RSA PRIVATE KEY-----\n",
            "private_key_pem_pkcs8": "-----BEGIN PRIVATE KEY-----\nMIIEvgIBADANBgkqhkiG9w0BAQEFAASCBKgwggSkAgEAAoIBAQC9vXwTxffFkijF\nZcJB+uC9Os//uE49TA5civpaz895C83oZXY9uZTIMS5IJpEiMPf5agqHwUr76U6L\nBr6RGF79kdWb7g7X5nPlGH9jW3HlhAvXqZe2B2p7LmPA1RyiKWMs+DVolRGnutnK\nVngqzuuVQNEcF/ydzEPMcoq1OWcLCiWs/NtYYRonY5vFEtQ1dhrhWJ/1YRHIhF/M\nD5cjQr8YUu7Dm+dPW2SQdLhRvtIhMOnOgEGKfGg4KiztbYm8cPOiP/a2fAiwnmha\nace1PTlHrlboMtGcm+xLD3T18Xm3WLdQuWIR1IYECZwK3m7DG2jU9D8vClOH3xo5\n0fr/JquLAgMBAAECggEBAKc4u4S1wgPHJ9WpNEZwM+eyUKSgK5xMTo/zEGg+pCyb\nYbLC0S3fRCgXaCHAk8Kdg762XWd9zHcuDMHshMFdyEIUaD1P1pcjDNtI9uR7MGtG\nMCW22vVbndXIcbP+Xojwju6QJonwbynzPITeJnQb/3aANItc/I+Z+drSzDqhx5Xq\nq82U7aHXneY49/xedVJm8bVC3PrmBkKlWoRaQA0JPLkKZBMPSwNi84nilY1NUgO8\nYAYLZiqTnpbIBh8LwgeY0ksjDoa36ThMrVWRmUpiRHGAMrGNfoAQk0gi2K6OtRZc\nad6kOUZRcIBwEH8tE2lWXuSiqt/pGQru8/dUUFx0h1kCgYEA1SztAQg+dhnJQVgN\nIIUz/pfHGQV+VvnvGn0KZDeE6aU2J0PvLtksEk5Uh6Ektdz/amSmtMNQQZTg5kcf\ndR+tBbovNTuHHT9OABpdy622QI9grg6bry2aXeg2G1j4r9J7epvWqxfgEcZmi3G4\noGw8xbJBa0jt62ppsjpL1LQN9ccCgYEA49tXDQS+CQYmB2ncMhUbiVdK4Gk/l7ka\nFMgeQJ14zHtotPu/kyle0TTVP5rQVkwLpc/xojQTxeYOBIweuxtT59x0uKlEVhgN\n5Qm3ktyslYTtQPOCVFjAahr3hVpU8vwWNlCqACU0pqc8fZFGBov6NYE7DKe6TMky\nqXuX9+uPjB0CgYEAziSen8PoGu6+prjOIOeOqyD8wF6GmPciV/wY42ao2gQQhRH1\nptkN/DnRFkMnK9KlD657YwwIfRLKFQUsD2ftOj+cTR7eftLry7+zejXmqzG7LTYl\nKNaxkyPtxq5X9jZVf/BZO6Rf4vB301rKTh+8+PRyvJuOr3t88IPdNrhTU5sCgYAk\n3+RQmQngD/yring2KrBQI65cbuv5s90Cq/gpYNKh1P72+x7fw/wyQyiXqIg6zwe7\nh9GE/ISOrFJsbfizMxL7HPROxiXnAPGOtWnd/JR5hg+XSVE4MTzCbybLj/jbcexu\nUdORPnQs3Dev4ojAmnqdmhJiU+qUbqMiRnwrhRWwCQKBgBHIH0XIcv3qcgwjbsUU\nM7DyMpMqUAVb/d7n9a2WhEQ9yfPhxTLu7nY26mq0pPZwVhEpUh7LXcNOjA8gRZQs\nYCbORGGLaYYT7rk3VSmcwdswoE1uynXCQXWD6wk9/vYfDF73Td6wJO1jWcdAFanD\nLH7fNalRgaoK53q09rYr5DYk\n-----END PRIVATE KEY-----\n",
            "public_key_fingerprint_md5": "64:bf:29:39:29:eb:1c:c8:65:ad:8c:60:0d:ca:08:df",
            "public_key_fingerprint_sha256": "SHA256:sNtUAW69qvlcejh/i8sx0b3OLGdNXFTzH1cXLS9zXXc",
            "public_key_openssh": "ssh-rsa AAAAB3NzaC1yc2EAAAADAQABAAABAQC9vXwTxffFkijFZcJB+uC9Os//uE49TA5civpaz895C83oZXY9uZTIMS5IJpEiMPf5agqHwUr76U6LBr6RGF79kdWb7g7X5nPlGH9jW3HlhAvXqZe2B2p7LmPA1RyiKWMs+DVolRGnutnKVngqzuuVQNEcF/ydzEPMcoq1OWcLCiWs/NtYYRonY5vFEtQ1dhrhWJ/1YRHIhF/MD5cjQr8YUu7Dm+dPW2SQdLhRvtIhMOnOgEGKfGg4KiztbYm8cPOiP/a2fAiwnmhaace1PTlHrlboMtGcm+xLD3T18Xm3WLdQuWIR1IYECZwK3m7DG2jU9D8vClOH3xo50fr/JquL\n",
            "public_key_pem": "-----BEGIN PUBLIC KEY-----\nMIIBIjANBgkqhkiG9w0BAQEFAAOCAQ8AMIIBCgKCAQEAvb18E8X3xZIoxWXCQfrg\nvTrP/7hOPUwOXIr6Ws/PeQvN6GV2PbmUyDEuSCaRIjD3+WoKh8FK++lOiwa+kRhe\n/ZHVm+4O1+Zz5Rh/Y1tx5YQL16mXtgdqey5jwNUcoiljLPg1aJURp7rZylZ4Ks7r\nlUDRHBf8ncxDzHKKtTlnCwolrPzbWGEaJ2ObxRLUNXYa4Vif9WERyIRfzA+XI0K/\nGFLuw5vnT1tkkHS4Ub7SITDpzoBBinxoOCos7W2JvHDzoj/2tnwIsJ5oWmnHtT05\nR65W6DLRnJvsSw909fF5t1i3ULliEdSGBAmcCt5uwxto1PQ/LwpTh98aOdH6/yar\niwIDAQAB\n-----END PUBLIC KEY-----\n",
            "rsa_bits": 2048
          },
          "sensitive_attributes": [
            [
              {
                "type": "get_attr",
                "value": "private_key_pem"
              }
            ],
            [
              {
                "type": "get_attr",
                "value": "private_key_openssh"
              }
            ],
            [
              {
                "type": "get_attr",
                "value": "private_key_pem_pkcs8"
              }
            ]
          ]
        }
      ]
    }
  ],
  "check_results": null
}
